
Microsoft Visual Studio Solution File, Format Version 12.00
# Visual Studio Version 17
VisualStudioVersion = 17.0.32126.317
MinimumVisualStudioVersion = 10.0.40219.1
Project("{FAE04EC0-301F-11D3-BF4B-00C04F79EFBC}") = "FilmesApi", "FilmesApi\FilmesApi.csproj", "{7CD18822-9796-47DB-8F74-08E0431ACDE8}"
EndProject
Global
	GlobalSection(SolutionConfigurationPlatforms) = preSolution
		Debug|Any CPU = Debug|Any CPU
		Release|Any CPU = Release|Any CPU
	EndGlobalSection
	GlobalSection(ProjectConfigurationPlatforms) = postSolution
		{7CD18822-9796-47DB-8F74-08E0431ACDE8}.Debug|Any CPU.ActiveCfg = Debug|Any CPU
		{7CD18822-9796-47DB-8F74-08E0431ACDE8}.Debug|Any CPU.Build.0 = Debug|Any CPU
		{7CD18822-9796-47DB-8F74-08E0431ACDE8}.Release|Any CPU.ActiveCfg = Release|Any CPU
		{7CD18822-9796-47DB-8F74-08E0431ACDE8}.Release|Any CPU.Build.0 = Release|Any CPU
	EndGlobalSection
	GlobalSection(SolutionProperties) = preSolution
		HideSolutionNode = FALSE
	EndGlobalSection
	GlobalSection(ExtensibilityGlobals) = postSolution
		SolutionGuid = {411A33FD-047B-4D2C-92E2-B7F43657F9FD}
	EndGlobalSection
EndGlobal
